
Microsoft Visual Studio Solution File, Format Version 12.00
# Visual Studio 2012
Project("{F2A71F9B-5D33-465A-A702-920D77279786}") = "CommonJsBuild", "CommonJsBuild\CommonJsBuild.fsproj", "{E928D5C7-84C1-45D9-89C8-1C584BD12601}"
EndProject
Project("{F2A71F9B-5D33-465A-A702-920D77279786}") = "CommonJsBuild.Spec", "CommonJsBuild.Spec\CommonJsBuild.Spec.fsproj", "{B5C4CC62-7981-4EE4-BE8A-0DED839705CD}"
EndProject
Global
	GlobalSection(SolutionConfigurationPlatforms) = preSolution
		Debug|Any CPU = Debug|Any CPU
		Release|Any CPU = Release|Any CPU
	EndGlobalSection
	GlobalSection(ProjectConfigurationPlatforms) = postSolution
		{E928D5C7-84C1-45D9-89C8-1C584BD12601}.Debug|Any CPU.ActiveCfg = Debug|Any CPU
		{E928D5C7-84C1-45D9-89C8-1C584BD12601}.Debug|Any CPU.Build.0 = Debug|Any CPU
		{E928D5C7-84C1-45D9-89C8-1C584BD12601}.Release|Any CPU.ActiveCfg = Release|Any CPU
		{E928D5C7-84C1-45D9-89C8-1C584BD12601}.Release|Any CPU.Build.0 = Release|Any CPU
		{B5C4CC62-7981-4EE4-BE8A-0DED839705CD}.Debug|Any CPU.ActiveCfg = Debug|Any CPU
		{B5C4CC62-7981-4EE4-BE8A-0DED839705CD}.Debug|Any CPU.Build.0 = Debug|Any CPU
		{B5C4CC62-7981-4EE4-BE8A-0DED839705CD}.Release|Any CPU.ActiveCfg = Release|Any CPU
		{B5C4CC62-7981-4EE4-BE8A-0DED839705CD}.Release|Any CPU.Build.0 = Release|Any CPU
	EndGlobalSection
	GlobalSection(SolutionProperties) = preSolution
		HideSolutionNode = FALSE
	EndGlobalSection
EndGlobal
